<?xml version="1.0" encoding="utf-8"?>
<Project ToolsVersion="4.0" xmlns="http://schemas.microsoft.com/developer/msbuild/2003">
  <ItemGroup>
    <Filter Include="Исходные файлы">
      <UniqueIdentifier>{4FC737F1-C7A5-4376-A066-2A32D752A2FF}</UniqueIdentifier>
      <Extensions>cpp;c;cc;cxx;def;odl;idl;hpj;bat;asm;asmx</Extensions>
    </Filter>
    <Filter Include="Файлы ресурсов">
      <UniqueIdentifier>{67DA6AB6-F800-4c08-8B7A-83BB121AAD01}</UniqueIdentifier>
      <Extensions>rc;ico;cur;bmp;dlg;rc2;rct;bin;rgs;gif;jpg;jpeg;jpe;resx;tiff;tif;png;wav;mfcribbon-ms</Extensions>
    </Filter>
    <Filter Include="Исходные файлы\xml">
      <UniqueIdentifier>{5a0fdc97-726a-4e0b-8845-e740d91bb699}</UniqueIdentifier>
    </Filter>
    <Filter Include="Файлы заголовков">
      <UniqueIdentifier>{93995380-89BD-4b04-88EB-625FBE52EBFB}</UniqueIdentifier>
      <Extensions>h;hh;hpp;hxx;hm;inl;inc;xsd</Extensions>
    </Filter>
    <Filter Include="Исходные файлы\LTBL">
      <UniqueIdentifier>{7537707c-ce8c-4a69-a16f-8e73494e0620}</UniqueIdentifier>
    </Filter>
    <Filter Include="Файлы заголовков\Blocks">
      <UniqueIdentifier>{dd0d68b5-af28-4d70-b67c-f955b54d4181}</UniqueIdentifier>
    </Filter>
    <Filter Include="Файлы заголовков\Entities">
      <UniqueIdentifier>{988482e3-acba-438a-a1b6-059d3dac159c}</UniqueIdentifier>
    </Filter>
    <Filter Include="Файлы заголовков\Guis">
      <UniqueIdentifier>{c084c189-6312-4dbe-a1b2-ce9a92c6f2f2}</UniqueIdentifier>
    </Filter>
    <Filter Include="Файлы заголовков\Save/Load">
      <UniqueIdentifier>{00984ab5-6eb8-46ed-8bf0-603ed3988fcb}</UniqueIdentifier>
    </Filter>
    <Filter Include="Файлы заголовков\World">
      <UniqueIdentifier>{b56d9e52-7cc5-4e57-8af7-9e0bdef95266}</UniqueIdentifier>
    </Filter>
  </ItemGroup>
  <ItemGroup>
    <ClInclude Include="tinyxml.h">
      <Filter>Исходные файлы\xml</Filter>
    </ClInclude>
    <ClInclude Include="tinystr.h">
      <Filter>Исходные файлы\xml</Filter>
    </ClInclude>
    <ClInclude Include="Environment.hpp">
      <Filter>Файлы заголовков</Filter>
    </ClInclude>
    <ClInclude Include="E:\ltblinclude\ltbl\lighting\LightDirectionEmission.h">
      <Filter>Исходные файлы\LTBL</Filter>
    </ClInclude>
    <ClInclude Include="E:\ltblinclude\ltbl\lighting\LightPointEmission.h">
      <Filter>Исходные файлы\LTBL</Filter>
    </ClInclude>
    <ClInclude Include="E:\ltblinclude\ltbl\lighting\LightShape.h">
      <Filter>Исходные файлы\LTBL</Filter>
    </ClInclude>
    <ClInclude Include="E:\ltblinclude\ltbl\lighting\LightSystem.h">
      <Filter>Исходные файлы\LTBL</Filter>
    </ClInclude>
    <ClInclude Include="E:\ltblinclude\ltbl\Math.h">
      <Filter>Исходные файлы\LTBL</Filter>
    </ClInclude>
    <ClInclude Include="E:\ltblinclude\ltbl\quadtree\DynamicQuadtree.h">
      <Filter>Исходные файлы\LTBL</Filter>
    </ClInclude>
    <ClInclude Include="E:\ltblinclude\ltbl\quadtree\Quadtree.h">
      <Filter>Исходные файлы\LTBL</Filter>
    </ClInclude>
    <ClInclude Include="E:\ltblinclude\ltbl\quadtree\QuadtreeNode.h">
      <Filter>Исходные файлы\LTBL</Filter>
    </ClInclude>
    <ClInclude Include="E:\ltblinclude\ltbl\quadtree\QuadtreeOccupant.h">
      <Filter>Исходные файлы\LTBL</Filter>
    </ClInclude>
    <ClInclude Include="E:\ltblinclude\ltbl\quadtree\StaticQuadtree.h">
      <Filter>Исходные файлы\LTBL</Filter>
    </ClInclude>
    <ClInclude Include="Game.h">
      <Filter>Файлы заголовков</Filter>
    </ClInclude>
    <ClInclude Include="AbstractBlock.hpp">
      <Filter>Файлы заголовков\Blocks</Filter>
    </ClInclude>
    <ClInclude Include="Block.hpp">
      <Filter>Файлы заголовков\Blocks</Filter>
    </ClInclude>
    <ClInclude Include="BlockPackage.h">
      <Filter>Файлы заголовков\Blocks</Filter>
    </ClInclude>
    <ClInclude Include="ChestBlock.hpp">
      <Filter>Файлы заголовков\Blocks</Filter>
    </ClInclude>
    <ClInclude Include="DoorBlock.h">
      <Filter>Файлы заголовков\Blocks</Filter>
    </ClInclude>
    <ClInclude Include="SpriticBlock.h">
      <Filter>Файлы заголовков\Blocks</Filter>
    </ClInclude>
    <ClInclude Include="WorkbenchBlock.hpp">
      <Filter>Файлы заголовков\Blocks</Filter>
    </ClInclude>
    <ClInclude Include="anim.hpp">
      <Filter>Файлы заголовков\Entities</Filter>
    </ClInclude>
    <ClInclude Include="Bullet.hpp">
      <Filter>Файлы заголовков\Entities</Filter>
    </ClInclude>
    <ClInclude Include="Enemy.hpp">
      <Filter>Файлы заголовков\Entities</Filter>
    </ClInclude>
    <ClInclude Include="Entity.hpp">
      <Filter>Файлы заголовков\Entities</Filter>
    </ClInclude>
    <ClInclude Include="Cursor.hpp">
      <Filter>Файлы заголовков\Entities</Filter>
    </ClInclude>
    <ClInclude Include="PLAYER.hpp">
      <Filter>Файлы заголовков\Entities</Filter>
    </ClInclude>
    <ClInclude Include="MobSpawner.hpp">
      <Filter>Файлы заголовков\Entities</Filter>
    </ClInclude>
    <ClInclude Include="TreeBlock.hpp">
      <Filter>Файлы заголовков\Blocks</Filter>
    </ClInclude>
    <ClInclude Include="Weapon.hpp">
      <Filter>Файлы заголовков\Blocks</Filter>
    </ClInclude>
    <ClInclude Include="Chest.hpp">
      <Filter>Файлы заголовков\Guis</Filter>
    </ClInclude>
    <ClInclude Include="Inventory.hpp">
      <Filter>Файлы заголовков\Guis</Filter>
    </ClInclude>
    <ClInclude Include="saveMenu.hpp">
      <Filter>Файлы заголовков\Guis</Filter>
    </ClInclude>
    <ClInclude Include="menu.hpp">
      <Filter>Файлы заголовков\Guis</Filter>
    </ClInclude>
    <ClInclude Include="Workbench.hpp">
      <Filter>Файлы заголовков\Guis</Filter>
    </ClInclude>
    <ClInclude Include="Slot.hpp">
      <Filter>Файлы заголовков\Guis</Filter>
    </ClInclude>
    <ClInclude Include="Recipe.hpp">
      <Filter>Файлы заголовков\Guis</Filter>
    </ClInclude>
    <ClInclude Include="Item.hpp">
      <Filter>Файлы заголовков\Blocks</Filter>
    </ClInclude>
    <ClInclude Include="ChestLoader.hpp">
      <Filter>Файлы заголовков\Save/Load</Filter>
    </ClInclude>
    <ClInclude Include="BlockLoader.h">
      <Filter>Файлы заголовков\Save/Load</Filter>
    </ClInclude>
    <ClInclude Include="LightHandler.hpp">
      <Filter>Файлы заголовков\World</Filter>
    </ClInclude>
    <ClInclude Include="WorldDef.h">
      <Filter>Файлы заголовков\World</Filter>
    </ClInclude>
    <ClInclude Include="WorldGenerator.hpp">
      <Filter>Файлы заголовков\World</Filter>
    </ClInclude>
    <ClInclude Include="SoundSystem.hpp">
      <Filter>Файлы заголовков\World</Filter>
    </ClInclude>
    <ClInclude Include="tilemap.h">
      <Filter>Файлы заголовков\World</Filter>
    </ClInclude>
  </ItemGroup>
  <ItemGroup>
    <ClCompile Include="tilemap.cpp">
      <Filter>Исходные файлы</Filter>
    </ClCompile>
    <ClCompile Include="tinyxml.cpp">
      <Filter>Исходные файлы\xml</Filter>
    </ClCompile>
    <ClCompile Include="tinystr.cpp">
      <Filter>Исходные файлы\xml</Filter>
    </ClCompile>
    <ClCompile Include="tinyxmlerror.cpp">
      <Filter>Исходные файлы\xml</Filter>
    </ClCompile>
    <ClCompile Include="tinyxmlparser.cpp">
      <Filter>Исходные файлы\xml</Filter>
    </ClCompile>
    <ClCompile Include="Entity.cpp">
      <Filter>Исходные файлы</Filter>
    </ClCompile>
    <ClCompile Include="Player.cpp">
      <Filter>Исходные файлы</Filter>
    </ClCompile>
    <ClCompile Include="anim.cpp">
      <Filter>Исходные файлы</Filter>
    </ClCompile>
    <ClCompile Include="Inventory.cpp">
      <Filter>Исходные файлы</Filter>
    </ClCompile>
    <ClCompile Include="Bullet.cpp">
      <Filter>Исходные файлы</Filter>
    </ClCompile>
    <ClCompile Include="Enemy.cpp">
      <Filter>Исходные файлы</Filter>
    </ClCompile>
    <ClCompile Include="Environment.cpp">
      <Filter>Исходные файлы</Filter>
    </ClCompile>
    <ClCompile Include="Cursor.cpp">
      <Filter>Исходные файлы</Filter>
    </ClCompile>
    <ClCompile Include="AbstractBlock.cpp">
      <Filter>Исходные файлы</Filter>
    </ClCompile>
    <ClCompile Include="BlockLoader.cpp">
      <Filter>Исходные файлы</Filter>
    </ClCompile>
    <ClCompile Include="DoorBlock.cpp">
      <Filter>Исходные файлы</Filter>
    </ClCompile>
    <ClCompile Include="WorldGenerator.cpp">
      <Filter>Исходные файлы</Filter>
    </ClCompile>
    <ClCompile Include="TreeBlock.cpp">
      <Filter>Исходные файлы</Filter>
    </ClCompile>
    <ClCompile Include="Recipe.cpp">
      <Filter>Исходные файлы</Filter>
    </ClCompile>
    <ClCompile Include="Workbench.cpp">
      <Filter>Исходные файлы</Filter>
    </ClCompile>
    <ClCompile Include="WorkbenchBlock.cpp">
      <Filter>Исходные файлы</Filter>
    </ClCompile>
    <ClCompile Include="Item.cpp">
      <Filter>Исходные файлы</Filter>
    </ClCompile>
    <ClCompile Include="WorldDef.cpp">
      <Filter>Исходные файлы</Filter>
    </ClCompile>
    <ClCompile Include="ltbltest.cpp">
      <Filter>Исходные файлы</Filter>
    </ClCompile>
    <ClCompile Include="E:\ltblinclude\ltbl\lighting\LightDirectionEmission.cpp">
      <Filter>Исходные файлы\LTBL</Filter>
    </ClCompile>
    <ClCompile Include="E:\ltblinclude\ltbl\lighting\LightPointEmission.cpp">
      <Filter>Исходные файлы\LTBL</Filter>
    </ClCompile>
    <ClCompile Include="E:\ltblinclude\ltbl\lighting\LightShape.cpp">
      <Filter>Исходные файлы\LTBL</Filter>
    </ClCompile>
    <ClCompile Include="E:\ltblinclude\ltbl\lighting\LightSystem.cpp">
      <Filter>Исходные файлы\LTBL</Filter>
    </ClCompile>
    <ClCompile Include="E:\ltblinclude\ltbl\Math.cpp">
      <Filter>Исходные файлы\LTBL</Filter>
    </ClCompile>
    <ClCompile Include="E:\ltblinclude\ltbl\quadtree\DynamicQuadtree.cpp">
      <Filter>Исходные файлы\LTBL</Filter>
    </ClCompile>
    <ClCompile Include="E:\ltblinclude\ltbl\quadtree\Quadtree.cpp">
      <Filter>Исходные файлы\LTBL</Filter>
    </ClCompile>
    <ClCompile Include="E:\ltblinclude\ltbl\quadtree\QuadtreeNode.cpp">
      <Filter>Исходные файлы\LTBL</Filter>
    </ClCompile>
    <ClCompile Include="E:\ltblinclude\ltbl\quadtree\QuadtreeOccupant.cpp">
      <Filter>Исходные файлы\LTBL</Filter>
    </ClCompile>
    <ClCompile Include="E:\ltblinclude\ltbl\quadtree\StaticQuadtree.cpp">
      <Filter>Исходные файлы\LTBL</Filter>
    </ClCompile>
    <ClCompile Include="LightHandler.cpp">
      <Filter>Исходные файлы</Filter>
    </ClCompile>
    <ClCompile Include="SpriticBlock.cpp">
      <Filter>Исходные файлы</Filter>
    </ClCompile>
    <ClCompile Include="Slot.cpp">
      <Filter>Исходные файлы</Filter>
    </ClCompile>
    <ClCompile Include="Block.cpp">
      <Filter>Исходные файлы</Filter>
    </ClCompile>
    <ClCompile Include="SoundSystem.cpp">
      <Filter>Исходные файлы</Filter>
    </ClCompile>
    <ClCompile Include="Weapon.cpp">
      <Filter>Исходные файлы</Filter>
    </ClCompile>
    <ClCompile Include="MobSpawner.cpp">
      <Filter>Исходные файлы</Filter>
    </ClCompile>
    <ClCompile Include="main.cpp">
      <Filter>Файлы заголовков</Filter>
    </ClCompile>
    <ClCompile Include="saveMenu.cpp">
      <Filter>Исходные файлы</Filter>
    </ClCompile>
    <ClCompile Include="game.cpp">
      <Filter>Исходные файлы</Filter>
    </ClCompile>
    <ClCompile Include="menu.cpp">
      <Filter>Исходные файлы</Filter>
    </ClCompile>
    <ClCompile Include="Chest.cpp">
      <Filter>Исходные файлы</Filter>
    </ClCompile>
    <ClCompile Include="ChestBlock.cpp">
      <Filter>Исходные файлы</Filter>
    </ClCompile>
    <ClCompile Include="ChestLoader.cpp">
      <Filter>Исходные файлы</Filter>
    </ClCompile>
  </ItemGroup>
  <ItemGroup>
    <None Include="ClassDiagram.cd" />
  </ItemGroup>
</Project>