
Microsoft Visual Studio Solution File, Format Version 12.00
# Visual Studio 15
VisualStudioVersion = 15.0.27130.2024
MinimumVisualStudioVersion = 10.0.40219.1
Project("{8BC9CEB8-8B4A-11D0-8D11-00A0C91BC942}") = "GameCourse", "GameCourse\GameCourse.vcxproj", "{5DD27AB0-B144-45C0-BF5D-43FD34FB041F}"
EndProject
Project("{F088123C-0E9E-452A-89E6-6BA2F21D5CAC}") = "DependencyValidation1", "DependencyValidation1\DependencyValidation1.modelproj", "{45A0729C-1793-4014-AB3C-B410C2285FAB}"
EndProject
Global
	GlobalSection(SolutionConfigurationPlatforms) = preSolution
		Debug|Any CPU = Debug|Any CPU
		Debug|x64 = Debug|x64
		Debug|x86 = Debug|x86
		Release|Any CPU = Release|Any CPU
		Release|x64 = Release|x64
		Release|x86 = Release|x86
	EndGlobalSection
	GlobalSection(ProjectConfigurationPlatforms) = postSolution
		{5DD27AB0-B144-45C0-BF5D-43FD34FB041F}.Debug|Any CPU.ActiveCfg = Debug|Win32
		{5DD27AB0-B144-45C0-BF5D-43FD34FB041F}.Debug|x64.ActiveCfg = Debug|x64
		{5DD27AB0-B144-45C0-BF5D-43FD34FB041F}.Debug|x64.Build.0 = Debug|x64
		{5DD27AB0-B144-45C0-BF5D-43FD34FB041F}.Debug|x86.ActiveCfg = Debug|Win32
		{5DD27AB0-B144-45C0-BF5D-43FD34FB041F}.Debug|x86.Build.0 = Debug|Win32
		{5DD27AB0-B144-45C0-BF5D-43FD34FB041F}.Release|Any CPU.ActiveCfg = Release|Win32
		{5DD27AB0-B144-45C0-BF5D-43FD34FB041F}.Release|x64.ActiveCfg = Release|x64
		{5DD27AB0-B144-45C0-BF5D-43FD34FB041F}.Release|x64.Build.0 = Release|x64
		{5DD27AB0-B144-45C0-BF5D-43FD34FB041F}.Release|x86.ActiveCfg = Release|Win32
		{5DD27AB0-B144-45C0-BF5D-43FD34FB041F}.Release|x86.Build.0 = Release|Win32
		{45A0729C-1793-4014-AB3C-B410C2285FAB}.Debug|Any CPU.ActiveCfg = Debug|Any CPU
		{45A0729C-1793-4014-AB3C-B410C2285FAB}.Debug|Any CPU.Build.0 = Debug|Any CPU
		{45A0729C-1793-4014-AB3C-B410C2285FAB}.Debug|x64.ActiveCfg = Debug|Any CPU
		{45A0729C-1793-4014-AB3C-B410C2285FAB}.Debug|x64.Build.0 = Debug|Any CPU
		{45A0729C-1793-4014-AB3C-B410C2285FAB}.Debug|x86.ActiveCfg = Debug|Any CPU
		{45A0729C-1793-4014-AB3C-B410C2285FAB}.Debug|x86.Build.0 = Debug|Any CPU
		{45A0729C-1793-4014-AB3C-B410C2285FAB}.Release|Any CPU.ActiveCfg = Release|Any CPU
		{45A0729C-1793-4014-AB3C-B410C2285FAB}.Release|Any CPU.Build.0 = Release|Any CPU
		{45A0729C-1793-4014-AB3C-B410C2285FAB}.Release|x64.ActiveCfg = Release|Any CPU
		{45A0729C-1793-4014-AB3C-B410C2285FAB}.Release|x64.Build.0 = Release|Any CPU
		{45A0729C-1793-4014-AB3C-B410C2285FAB}.Release|x86.ActiveCfg = Release|Any CPU
		{45A0729C-1793-4014-AB3C-B410C2285FAB}.Release|x86.Build.0 = Release|Any CPU
	EndGlobalSection
	GlobalSection(SolutionProperties) = preSolution
		HideSolutionNode = FALSE
	EndGlobalSection
	GlobalSection(ExtensibilityGlobals) = postSolution
		SolutionGuid = {F7139B76-70E8-4A78-A03D-40B8838A3D28}
	EndGlobalSection
EndGlobal
